
Microsoft Visual Studio Solution File, Format Version 12.00
# Visual Studio 15
VisualStudioVersion = 15.0.27004.2005
MinimumVisualStudioVersion = 10.0.40219.1
Project("{FAE04EC0-301F-11D3-BF4B-00C04F79EFBC}") = "windows-push-client", "windows-push-client\windows-push-client.csproj", "{9F64D6AF-A2A1-4B87-A229-0A0BB00EDC1F}"
EndProject
Global
	GlobalSection(SolutionConfigurationPlatforms) = preSolution
		Debug|Any CPU = Debug|Any CPU
		Release|Any CPU = Release|Any CPU
	EndGlobalSection
	GlobalSection(ProjectConfigurationPlatforms) = postSolution
		{9F64D6AF-A2A1-4B87-A229-0A0BB00EDC1F}.Debug|Any CPU.ActiveCfg = Debug|Any CPU
		{9F64D6AF-A2A1-4B87-A229-0A0BB00EDC1F}.Debug|Any CPU.Build.0 = Debug|Any CPU
		{9F64D6AF-A2A1-4B87-A229-0A0BB00EDC1F}.Release|Any CPU.ActiveCfg = Release|Any CPU
		{9F64D6AF-A2A1-4B87-A229-0A0BB00EDC1F}.Release|Any CPU.Build.0 = Release|Any CPU
	EndGlobalSection
	GlobalSection(SolutionProperties) = preSolution
		HideSolutionNode = FALSE
	EndGlobalSection
	GlobalSection(ExtensibilityGlobals) = postSolution
		SolutionGuid = {D89D5627-CF24-4423-998E-BFF8592123A7}
	EndGlobalSection
EndGlobal
